
Microsoft Visual Studio Solution File, Format Version 12.00
# Visual Studio Version 16
VisualStudioVersion = 16.0.30621.155
MinimumVisualStudioVersion = 10.0.40219.1
Project("{FAE04EC0-301F-11D3-BF4B-00C04F79EFBC}") = "ConnectionString", "ConnectionString\ConnectionString.csproj", "{682EF711-A7D2-4450-8FE4-76CEA26A3C75}"
EndProject
Project("{FAE04EC0-301F-11D3-BF4B-00C04F79EFBC}") = "ConnectionStringTest", "ConnectionStringTest\ConnectionStringTest.csproj", "{3F314D73-8D20-4A5F-8F86-D55C038F49E4}"
EndProject
Global
	GlobalSection(SolutionConfigurationPlatforms) = preSolution
		Debug|Any CPU = Debug|Any CPU
		Release|Any CPU = Release|Any CPU
	EndGlobalSection
	GlobalSection(ProjectConfigurationPlatforms) = postSolution
		{682EF711-A7D2-4450-8FE4-76CEA26A3C75}.Debug|Any CPU.ActiveCfg = Debug|Any CPU
		{682EF711-A7D2-4450-8FE4-76CEA26A3C75}.Debug|Any CPU.Build.0 = Debug|Any CPU
		{682EF711-A7D2-4450-8FE4-76CEA26A3C75}.Release|Any CPU.ActiveCfg = Release|Any CPU
		{682EF711-A7D2-4450-8FE4-76CEA26A3C75}.Release|Any CPU.Build.0 = Release|Any CPU
		{3F314D73-8D20-4A5F-8F86-D55C038F49E4}.Debug|Any CPU.ActiveCfg = Debug|Any CPU
		{3F314D73-8D20-4A5F-8F86-D55C038F49E4}.Debug|Any CPU.Build.0 = Debug|Any CPU
		{3F314D73-8D20-4A5F-8F86-D55C038F49E4}.Release|Any CPU.ActiveCfg = Release|Any CPU
		{3F314D73-8D20-4A5F-8F86-D55C038F49E4}.Release|Any CPU.Build.0 = Release|Any CPU
	EndGlobalSection
	GlobalSection(SolutionProperties) = preSolution
		HideSolutionNode = FALSE
	EndGlobalSection
	GlobalSection(ExtensibilityGlobals) = postSolution
		SolutionGuid = {5457993D-7FD6-4907-BD37-5B692407E1FA}
	EndGlobalSection
EndGlobal
